// !$*UTF8*$!
{
	archiveVersion = 1;
	classes = {
	};
	objectVersion = 77;
	objects = {

/* Begin PBXBuildFile section */
		552AB1442D60CB1A00A4C7B5 /* AVFoundation.framework in Frameworks */ = {isa = PBXBuildFile; fileRef = 552AB1432D60CB1A00A4C7B5 /* AVFoundation.framework */; };
		552AB1462D60CB3B00A4C7B5 /* Charts.framework in Frameworks */ = {isa = PBXBuildFile; fileRef = 552AB1452D60CB3B00A4C7B5 /* Charts.framework */; };
		552AB1482D60CB4400A4C7B5 /* AppKit.framework in Frameworks */ = {isa = PBXBuildFile; fileRef = 552AB1472D60CB4400A4C7B5 /* AppKit.framework */; };
		552AB14A2D60CBEC00A4C7B5 /* Metal.framework in Frameworks */ = {isa = PBXBuildFile; fileRef = 552AB1492D60CBEC00A4C7B5 /* Metal.framework */; };
/* End PBXBuildFile section */

/* Begin PBXContainerItemProxy section */
		552AB1222D60BA0000A4C7B5 /* PBXContainerItemProxy */ = {
			isa = PBXContainerItemProxy;
			containerPortal = 552AB1082D60B9FD00A4C7B5 /* Project object */;
			proxyType = 1;
			remoteGlobalIDString = 552AB10F2D60B9FD00A4C7B5;
			remoteInfo = mediainspector;
		};
		552AB12C2D60BA0000A4C7B5 /* PBXContainerItemProxy */ = {
			isa = PBXContainerItemProxy;
			containerPortal = 552AB1082D60B9FD00A4C7B5 /* Project object */;
			proxyType = 1;
			remoteGlobalIDString = 552AB10F2D60B9FD00A4C7B5;
			remoteInfo = mediainspector;
		};
/* End PBXContainerItemProxy section */

/* Begin PBXFileReference section */
		552AB1102D60B9FD00A4C7B5 /* MediaInspector.app */ = {isa = PBXFileReference; explicitFileType = wrapper.application; includeInIndex = 0; path = MediaInspector.app; sourceTree = BUILT_PRODUCTS_DIR; };
		552AB1212D60BA0000A4C7B5 /* MediaInspectorTests.xctest */ = {isa = PBXFileReference; explicitFileType = wrapper.cfbundle; includeInIndex = 0; path = MediaInspectorTests.xctest; sourceTree = BUILT_PRODUCTS_DIR; };
		552AB12B2D60BA0000A4C7B5 /* MediaInspectorUITests.xctest */ = {isa = PBXFileReference; explicitFileType = wrapper.cfbundle; includeInIndex = 0; path = MediaInspectorUITests.xctest; sourceTree = BUILT_PRODUCTS_DIR; };
		552AB1432D60CB1A00A4C7B5 /* AVFoundation.framework */ = {isa = PBXFileReference; lastKnownFileType = wrapper.framework; name = AVFoundation.framework; path = System/Library/Frameworks/AVFoundation.framework; sourceTree = SDKROOT; };
		552AB1452D60CB3B00A4C7B5 /* Charts.framework */ = {isa = PBXFileReference; lastKnownFileType = wrapper.framework; name = Charts.framework; path = System/Library/Frameworks/Charts.framework; sourceTree = SDKROOT; };
		552AB1472D60CB4400A4C7B5 /* AppKit.framework */ = {isa = PBXFileReference; lastKnownFileType = wrapper.framework; name = AppKit.framework; path = System/Library/Frameworks/AppKit.framework; sourceTree = SDKROOT; };
		552AB1492D60CBEC00A4C7B5 /* Metal.framework */ = {isa = PBXFileReference; lastKnownFileType = wrapper.framework; name = Metal.framework; path = System/Library/Frameworks/Metal.framework; sourceTree = SDKROOT; };
/* End PBXFileReference section */

/* Begin PBXFileSystemSynchronizedRootGroup section */
		552AB1122D60B9FD00A4C7B5 /* MediaInspector */ = {
			isa = PBXFileSystemSynchronizedRootGroup;
			path = MediaInspector;
			sourceTree = "<group>";
		};
		552AB1242D60BA0000A4C7B5 /* MediaInspectorTests */ = {
			isa = PBXFileSystemSynchronizedRootGroup;
			path = MediaInspectorTests;
			sourceTree = "<group>";
		};
		552AB12E2D60BA0000A4C7B5 /* MediaInspectorUITests */ = {
			isa = PBXFileSystemSynchronizedRootGroup;
			path = MediaInspectorUITests;
			sourceTree = "<group>";
		};
/* End PBXFileSystemSynchronizedRootGroup section */

/* Begin PBXFrameworksBuildPhase section */
		552AB10D2D60B9FD00A4C7B5 /* Frameworks */ = {
			isa = PBXFrameworksBuildPhase;
			buildActionMask = 2147483647;
			files = (
				552AB1482D60CB4400A4C7B5 /* AppKit.framework in Frameworks */,
				552AB1442D60CB1A00A4C7B5 /* AVFoundation.framework in Frameworks */,
				552AB14A2D60CBEC00A4C7B5 /* Metal.framework in Frameworks */,
				552AB1462D60CB3B00A4C7B5 /* Charts.framework in Frameworks */,
			);
			runOnlyForDeploymentPostprocessing = 0;
		};
		552AB11E2D60BA0000A4C7B5 /* Frameworks */ = {
			isa = PBXFrameworksBuildPhase;
			buildActionMask = 2147483647;
			files = (
			);
			runOnlyForDeploymentPostprocessing = 0;
		};
		552AB1282D60BA0000A4C7B5 /* Frameworks */ = {
			isa = PBXFrameworksBuildPhase;
			buildActionMask = 2147483647;
			files = (
			);
			runOnlyForDeploymentPostprocessing = 0;
		};
/* End PBXFrameworksBuildPhase section */

/* Begin PBXGroup section */
		552AB1072D60B9FD00A4C7B5 = {
			isa = PBXGroup;
			children = (
				552AB1122D60B9FD00A4C7B5 /* MediaInspector */,
				552AB1242D60BA0000A4C7B5 /* MediaInspectorTests */,
				552AB12E2D60BA0000A4C7B5 /* MediaInspectorUITests */,
				552AB1422D60CB1A00A4C7B5 /* Frameworks */,
				552AB1112D60B9FD00A4C7B5 /* Products */,
			);
			sourceTree = "<group>";
		};
		552AB1112D60B9FD00A4C7B5 /* Products */ = {
			isa = PBXGroup;
			children = (
				552AB1102D60B9FD00A4C7B5 /* MediaInspector.app */,
				552AB1212D60BA0000A4C7B5 /* MediaInspectorTests.xctest */,
				552AB12B2D60BA0000A4C7B5 /* MediaInspectorUITests.xctest */,
			);
			name = Products;
			sourceTree = "<group>";
		};
		552AB1422D60CB1A00A4C7B5 /* Frameworks */ = {
			isa = PBXGroup;
			children = (
				552AB1492D60CBEC00A4C7B5 /* Metal.framework */,
				552AB1472D60CB4400A4C7B5 /* AppKit.framework */,
				552AB1452D60CB3B00A4C7B5 /* Charts.framework */,
				552AB1432D60CB1A00A4C7B5 /* AVFoundation.framework */,
			);
			name = Frameworks;
			sourceTree = "<group>";
		};
/* End PBXGroup section */

/* Begin PBXNativeTarget section */
		552AB10F2D60B9FD00A4C7B5 /* MediaInspector */ = {
			isa = PBXNativeTarget;
			buildConfigurationList = 552AB1352D60BA0000A4C7B5 /* Build configuration list for PBXNativeTarget "MediaInspector" */;
			buildPhases = (
				552AB10C2D60B9FD00A4C7B5 /* Sources */,
				552AB10D2D60B9FD00A4C7B5 /* Frameworks */,
				552AB10E2D60B9FD00A4C7B5 /* Resources */,
			);
			buildRules = (
			);
			dependencies = (
			);
			fileSystemSynchronizedGroups = (
				552AB1122D60B9FD00A4C7B5 /* MediaInspector */,
			);
			name = MediaInspector;
			packageProductDependencies = (
			);
			productName = mediainspector;
			productReference = 552AB1102D60B9FD00A4C7B5 /* MediaInspector.app */;
			productType = "com.apple.product-type.application";
		};
		552AB1202D60BA0000A4C7B5 /* MediaInspectorTests */ = {
			isa = PBXNativeTarget;
			buildConfigurationList = 552AB1382D60BA0000A4C7B5 /* Build configuration list for PBXNativeTarget "MediaInspectorTests" */;
			buildPhases = (
				552AB11D2D60BA0000A4C7B5 /* Sources */,
				552AB11E2D60BA0000A4C7B5 /* Frameworks */,
				552AB11F2D60BA0000A4C7B5 /* Resources */,
			);
			buildRules = (
			);
			dependencies = (
				552AB1232D60BA0000A4C7B5 /* PBXTargetDependency */,
			);
			fileSystemSynchronizedGroups = (
				552AB1242D60BA0000A4C7B5 /* MediaInspectorTests */,
			);
			name = MediaInspectorTests;
			packageProductDependencies = (
			);
			productName = mediainspectorTests;
			productReference = 552AB1212D60BA0000A4C7B5 /* MediaInspectorTests.xctest */;
			productType = "com.apple.product-type.bundle.unit-test";
		};
		552AB12A2D60BA0000A4C7B5 /* MediaInspectorUITests */ = {
			isa = PBXNativeTarget;
			buildConfigurationList = 552AB13B2D60BA0000A4C7B5 /* Build configuration list for PBXNativeTarget "MediaInspectorUITests" */;
			buildPhases = (
				552AB1272D60BA0000A4C7B5 /* Sources */,
				552AB1282D60BA0000A4C7B5 /* Frameworks */,
				552AB1292D60BA0000A4C7B5 /* Resources */,
			);
			buildRules = (
			);
			dependencies = (
				552AB12D2D60BA0000A4C7B5 /* PBXTargetDependency */,
			);
			fileSystemSynchronizedGroups = (
				552AB12E2D60BA0000A4C7B5 /* MediaInspectorUITests */,
			);
			name = MediaInspectorUITests;
			packageProductDependencies = (
			);
			productName = mediainspectorUITests;
			productReference = 552AB12B2D60BA0000A4C7B5 /* MediaInspectorUITests.xctest */;
			productType = "com.apple.product-type.bundle.ui-testing";
		};
/* End PBXNativeTarget section */

/* Begin PBXProject section */
		552AB1082D60B9FD00A4C7B5 /* Project object */ = {
			isa = PBXProject;
			attributes = {
				BuildIndependentTargetsInParallel = 1;
				LastSwiftUpdateCheck = 1620;
				LastUpgradeCheck = 1620;
				TargetAttributes = {
					552AB10F2D60B9FD00A4C7B5 = {
						CreatedOnToolsVersion = 16.2;
					};
					552AB1202D60BA0000A4C7B5 = {
						CreatedOnToolsVersion = 16.2;
						TestTargetID = 552AB10F2D60B9FD00A4C7B5;
					};
					552AB12A2D60BA0000A4C7B5 = {
						CreatedOnToolsVersion = 16.2;
						TestTargetID = 552AB10F2D60B9FD00A4C7B5;
					};
				};
			};
			buildConfigurationList = 552AB10B2D60B9FD00A4C7B5 /* Build configuration list for PBXProject "MediaInspector" */;
			developmentRegion = en;
			hasScannedForEncodings = 0;
			knownRegions = (
				en,
				Base,
			);
			mainGroup = 552AB1072D60B9FD00A4C7B5;
			minimizedProjectReferenceProxies = 1;
			preferredProjectObjectVersion = 77;
			productRefGroup = 552AB1112D60B9FD00A4C7B5 /* Products */;
			projectDirPath = "";
			projectRoot = "";
			targets = (
				552AB10F2D60B9FD00A4C7B5 /* MediaInspector */,
				552AB1202D60BA0000A4C7B5 /* MediaInspectorTests */,
				552AB12A2D60BA0000A4C7B5 /* MediaInspectorUITests */,
			);
		};
/* End PBXProject section */

/* Begin PBXResourcesBuildPhase section */
		552AB10E2D60B9FD00A4C7B5 /* Resources */ = {
			isa = PBXResourcesBuildPhase;
			buildActionMask = 2147483647;
			files = (
			);
			runOnlyForDeploymentPostprocessing = 0;
		};
		552AB11F2D60BA0000A4C7B5 /* Resources */ = {
			isa = PBXResourcesBuildPhase;
			buildActionMask = 2147483647;
			files = (
			);
			runOnlyForDeploymentPostprocessing = 0;
		};
		552AB1292D60BA0000A4C7B5 /* Resources */ = {
			isa = PBXResourcesBuildPhase;
			buildActionMask = 2147483647;
			files = (
			);
			runOnlyForDeploymentPostprocessing = 0;
		};
/* End PBXResourcesBuildPhase section */

/* Begin PBXSourcesBuildPhase section */
		552AB10C2D60B9FD00A4C7B5 /* Sources */ = {
			isa = PBXSourcesBuildPhase;
			buildActionMask = 2147483647;
			files = (
			);
			runOnlyForDeploymentPostprocessing = 0;
		};
		552AB11D2D60BA0000A4C7B5 /* Sources */ = {
			isa = PBXSourcesBuildPhase;
			buildActionMask = 2147483647;
			files = (
			);
			runOnlyForDeploymentPostprocessing = 0;
		};
		552AB1272D60BA0000A4C7B5 /* Sources */ = {
			isa = PBXSourcesBuildPhase;
			buildActionMask = 2147483647;
			files = (
			);
			runOnlyForDeploymentPostprocessing = 0;
		};
/* End PBXSourcesBuildPhase section */

/* Begin PBXTargetDependency section */
		552AB1232D60BA0000A4C7B5 /* PBXTargetDependency */ = {
			isa = PBXTargetDependency;
			target = 552AB10F2D60B9FD00A4C7B5 /* MediaInspector */;
			targetProxy = 552AB1222D60BA0000A4C7B5 /* PBXContainerItemProxy */;
		};
		552AB12D2D60BA0000A4C7B5 /* PBXTargetDependency */ = {
			isa = PBXTargetDependency;
			target = 552AB10F2D60B9FD00A4C7B5 /* MediaInspector */;
			targetProxy = 552AB12C2D60BA0000A4C7B5 /* PBXContainerItemProxy */;
		};
/* End PBXTargetDependency section */

/* Begin XCBuildConfiguration section */
		552AB1332D60BA0000A4C7B5 /* Debug */ = {
			isa = XCBuildConfiguration;
			buildSettings = {
				ALWAYS_SEARCH_USER_PATHS = NO;
				ASSETCATALOG_COMPILER_GENERATE_SWIFT_ASSET_SYMBOL_EXTENSIONS = YES;
				CLANG_ANALYZER_NONNULL = YES;
				CLANG_ANALYZER_NUMBER_OBJECT_CONVERSION = YES_AGGRESSIVE;
				CLANG_CXX_LANGUAGE_STANDARD = "gnu++20";
				CLANG_ENABLE_MODULES = YES;
				CLANG_ENABLE_OBJC_ARC = YES;
				CLANG_ENABLE_OBJC_WEAK = YES;
				CLANG_WARN_BLOCK_CAPTURE_AUTORELEASING = YES;
				CLANG_WARN_BOOL_CONVERSION = YES;
				CLANG_WARN_COMMA = YES;
				CLANG_WARN_CONSTANT_CONVERSION = YES;
				CLANG_WARN_DEPRECATED_OBJC_IMPLEMENTATIONS = YES;
				CLANG_WARN_DIRECT_OBJC_ISA_USAGE = YES_ERROR;
				CLANG_WARN_DOCUMENTATION_COMMENTS = YES;
				CLANG_WARN_EMPTY_BODY = YES;
				CLANG_WARN_ENUM_CONVERSION = YES;
				CLANG_WARN_INFINITE_RECURSION = YES;
				CLANG_WARN_INT_CONVERSION = YES;
				CLANG_WARN_NON_LITERAL_NULL_CONVERSION = YES;
				CLANG_WARN_OBJC_IMPLICIT_RETAIN_SELF = YES;
				CLANG_WARN_OBJC_LITERAL_CONVERSION = YES;
				CLANG_WARN_OBJC_ROOT_CLASS = YES_ERROR;
				CLANG_WARN_QUOTED_INCLUDE_IN_FRAMEWORK_HEADER = YES;
				CLANG_WARN_RANGE_LOOP_ANALYSIS = YES;
				CLANG_WARN_STRICT_PROTOTYPES = YES;
				CLANG_WARN_SUSPICIOUS_MOVE = YES;
				CLANG_WARN_UNGUARDED_AVAILABILITY = YES_AGGRESSIVE;
				CLANG_WARN_UNREACHABLE_CODE = YES;
				CLANG_WARN__DUPLICATE_METHOD_MATCH = YES;
				COPY_PHASE_STRIP = NO;
				DEBUG_INFORMATION_FORMAT = dwarf;
				ENABLE_STRICT_OBJC_MSGSEND = YES;
				ENABLE_TESTABILITY = YES;
				ENABLE_USER_SCRIPT_SANDBOXING = YES;
				GCC_C_LANGUAGE_STANDARD = gnu17;
				GCC_DYNAMIC_NO_PIC = NO;
				GCC_NO_COMMON_BLOCKS = YES;
				GCC_OPTIMIZATION_LEVEL = 0;
				GCC_PREPROCESSOR_DEFINITIONS = (
					"DEBUG=1",
					"$(inherited)",
				);
				GCC_WARN_64_TO_32_BIT_CONVERSION = YES;
				GCC_WARN_ABOUT_RETURN_TYPE = YES_ERROR;
				GCC_WARN_UNDECLARED_SELECTOR = YES;
				GCC_WARN_UNINITIALIZED_AUTOS = YES_AGGRESSIVE;
				GCC_WARN_UNUSED_FUNCTION = YES;
				GCC_WARN_UNUSED_VARIABLE = YES;
				LOCALIZATION_PREFERS_STRING_CATALOGS = YES;
				MACOSX_DEPLOYMENT_TARGET = 15.2;
				MTL_ENABLE_DEBUG_INFO = INCLUDE_SOURCE;
				MTL_FAST_MATH = YES;
				ONLY_ACTIVE_ARCH = YES;
				SDKROOT = macosx;
				SWIFT_ACTIVE_COMPILATION_CONDITIONS = "DEBUG $(inherited)";
				SWIFT_OPTIMIZATION_LEVEL = "-Onone";
			};
			name = Debug;
		};
		552AB1342D60BA0000A4C7B5 /* Release */ = {
			isa = XCBuildConfiguration;
			buildSettings = {
				ALWAYS_SEARCH_USER_PATHS = NO;
				ASSETCATALOG_COMPILER_GENERATE_SWIFT_ASSET_SYMBOL_EXTENSIONS = YES;
				CLANG_ANALYZER_NONNULL = YES;
				CLANG_ANALYZER_NUMBER_OBJECT_CONVERSION = YES_AGGRESSIVE;
				CLANG_CXX_LANGUAGE_STANDARD = "gnu++20";
				CLANG_ENABLE_MODULES = YES;
				CLANG_ENABLE_OBJC_ARC = YES;
				CLANG_ENABLE_OBJC_WEAK = YES;
				CLANG_WARN_BLOCK_CAPTURE_AUTORELEASING = YES;
				CLANG_WARN_BOOL_CONVERSION = YES;
				CLANG_WARN_COMMA = YES;
				CLANG_WARN_CONSTANT_CONVERSION = YES;
				CLANG_WARN_DEPRECATED_OBJC_IMPLEMENTATIONS = YES;
				CLANG_WARN_DIRECT_OBJC_ISA_USAGE = YES_ERROR;
				CLANG_WARN_DOCUMENTATION_COMMENTS = YES;
				CLANG_WARN_EMPTY_BODY = YES;
				CLANG_WARN_ENUM_CONVERSION = YES;
				CLANG_WARN_INFINITE_RECURSION = YES;
				CLANG_WARN_INT_CONVERSION = YES;
				CLANG_WARN_NON_LITERAL_NULL_CONVERSION = YES;
				CLANG_WARN_OBJC_IMPLICIT_RETAIN_SELF = YES;
				CLANG_WARN_OBJC_LITERAL_CONVERSION = YES;
				CLANG_WARN_OBJC_ROOT_CLASS = YES_ERROR;
				CLANG_WARN_QUOTED_INCLUDE_IN_FRAMEWORK_HEADER = YES;
				CLANG_WARN_RANGE_LOOP_ANALYSIS = YES;
				CLANG_WARN_STRICT_PROTOTYPES = YES;
				CLANG_WARN_SUSPICIOUS_MOVE = YES;
				CLANG_WARN_UNGUARDED_AVAILABILITY = YES_AGGRESSIVE;
				CLANG_WARN_UNREACHABLE_CODE = YES;
				CLANG_WARN__DUPLICATE_METHOD_MATCH = YES;
				COPY_PHASE_STRIP = NO;
				DEBUG_INFORMATION_FORMAT = "dwarf-with-dsym";
				ENABLE_NS_ASSERTIONS = NO;
				ENABLE_STRICT_OBJC_MSGSEND = YES;
				ENABLE_USER_SCRIPT_SANDBOXING = YES;
				GCC_C_LANGUAGE_STANDARD = gnu17;
				GCC_NO_COMMON_BLOCKS = YES;
				GCC_WARN_64_TO_32_BIT_CONVERSION = YES;
				GCC_WARN_ABOUT_RETURN_TYPE = YES_ERROR;
				GCC_WARN_UNDECLARED_SELECTOR = YES;
				GCC_WARN_UNINITIALIZED_AUTOS = YES_AGGRESSIVE;
				GCC_WARN_UNUSED_FUNCTION = YES;
				GCC_WARN_UNUSED_VARIABLE = YES;
				LOCALIZATION_PREFERS_STRING_CATALOGS = YES;
				MACOSX_DEPLOYMENT_TARGET = 15.2;
				MTL_ENABLE_DEBUG_INFO = NO;
				MTL_FAST_MATH = YES;
				SDKROOT = macosx;
				SWIFT_COMPILATION_MODE = wholemodule;
			};
			name = Release;
		};
		552AB1362D60BA0000A4C7B5 /* Debug */ = {
			isa = XCBuildConfiguration;
			buildSettings = {
				ASSETCATALOG_COMPILER_APPICON_NAME = AppIcon;
				ASSETCATALOG_COMPILER_GLOBAL_ACCENT_COLOR_NAME = AccentColor;
				CODE_SIGN_ENTITLEMENTS = mediainspector/mediainspector.entitlements;
				CODE_SIGN_STYLE = Automatic;
				COMBINE_HIDPI_IMAGES = YES;
				CURRENT_PROJECT_VERSION = 1;
				DEVELOPMENT_ASSET_PATHS = "\"mediainspector/Preview Content\"";
				DEVELOPMENT_TEAM = 9JFT83BZMT;
				ENABLE_HARDENED_RUNTIME = YES;
				ENABLE_PREVIEWS = YES;
				GENERATE_INFOPLIST_FILE = YES;
				INFOPLIST_KEY_NSHumanReadableCopyright = "";
				LD_RUNPATH_SEARCH_PATHS = (
					"$(inherited)",
					"@executable_path/../Frameworks",
				);
				MARKETING_VERSION = 1.0;
				PRODUCT_BUNDLE_IDENTIFIER = com.oscarnord.mediainspector;
				PRODUCT_NAME = "$(TARGET_NAME)";
				SWIFT_EMIT_LOC_STRINGS = YES;
				SWIFT_VERSION = 5.0;
			};
			name = Debug;
		};
		552AB1372D60BA0000A4C7B5 /* Release */ = {
			isa = XCBuildConfiguration;
			buildSettings = {
				ASSETCATALOG_COMPILER_APPICON_NAME = AppIcon;
				ASSETCATALOG_COMPILER_GLOBAL_ACCENT_COLOR_NAME = AccentColor;
				CODE_SIGN_ENTITLEMENTS = mediainspector/mediainspector.entitlements;
				CODE_SIGN_STYLE = Automatic;
				COMBINE_HIDPI_IMAGES = YES;
				CURRENT_PROJECT_VERSION = 1;
				DEVELOPMENT_ASSET_PATHS = "\"mediainspector/Preview Content\"";
				DEVELOPMENT_TEAM = 9JFT83BZMT;
				ENABLE_HARDENED_RUNTIME = YES;
				ENABLE_PREVIEWS = YES;
				GENERATE_INFOPLIST_FILE = YES;
				INFOPLIST_KEY_NSHumanReadableCopyright = "";
				LD_RUNPATH_SEARCH_PATHS = (
					"$(inherited)",
					"@executable_path/../Frameworks",
				);
				MARKETING_VERSION = 1.0;
				PRODUCT_BUNDLE_IDENTIFIER = com.oscarnord.mediainspector;
				PRODUCT_NAME = "$(TARGET_NAME)";
				SWIFT_EMIT_LOC_STRINGS = YES;
				SWIFT_VERSION = 5.0;
			};
			name = Release;
		};
		552AB1392D60BA0000A4C7B5 /* Debug */ = {
			isa = XCBuildConfiguration;
			buildSettings = {
				BUNDLE_LOADER = "$(TEST_HOST)";
				CODE_SIGN_STYLE = Automatic;
				CURRENT_PROJECT_VERSION = 1;
				DEVELOPMENT_TEAM = 9JFT83BZMT;
				GENERATE_INFOPLIST_FILE = YES;
				MACOSX_DEPLOYMENT_TARGET = 15.2;
				MARKETING_VERSION = 1.0;
				PRODUCT_BUNDLE_IDENTIFIER = com.oscarnord.mediainspectorTests;
				PRODUCT_NAME = "$(TARGET_NAME)";
				SWIFT_EMIT_LOC_STRINGS = NO;
				SWIFT_VERSION = 5.0;
				TEST_HOST = "$(BUILT_PRODUCTS_DIR)/MediaInspector.app/$(BUNDLE_EXECUTABLE_FOLDER_PATH)/MediaInspector";
			};
			name = Debug;
		};
		552AB13A2D60BA0000A4C7B5 /* Release */ = {
			isa = XCBuildConfiguration;
			buildSettings = {
				BUNDLE_LOADER = "$(TEST_HOST)";
				CODE_SIGN_STYLE = Automatic;
				CURRENT_PROJECT_VERSION = 1;
				DEVELOPMENT_TEAM = 9JFT83BZMT;
				GENERATE_INFOPLIST_FILE = YES;
				MACOSX_DEPLOYMENT_TARGET = 15.2;
				MARKETING_VERSION = 1.0;
				PRODUCT_BUNDLE_IDENTIFIER = com.oscarnord.mediainspectorTests;
				PRODUCT_NAME = "$(TARGET_NAME)";
				SWIFT_EMIT_LOC_STRINGS = NO;
				SWIFT_VERSION = 5.0;
				TEST_HOST = "$(BUILT_PRODUCTS_DIR)/MediaInspector.app/$(BUNDLE_EXECUTABLE_FOLDER_PATH)/MediaInspector";
			};
			name = Release;
		};
		552AB13C2D60BA0000A4C7B5 /* Debug */ = {
			isa = XCBuildConfiguration;
			buildSettings = {
				CODE_SIGN_STYLE = Automatic;
				CURRENT_PROJECT_VERSION = 1;
				DEVELOPMENT_TEAM = 9JFT83BZMT;
				GENERATE_INFOPLIST_FILE = YES;
				MARKETING_VERSION = 1.0;
				PRODUCT_BUNDLE_IDENTIFIER = com.oscarnord.mediainspectorUITests;
				PRODUCT_NAME = "$(TARGET_NAME)";
				SWIFT_EMIT_LOC_STRINGS = NO;
				SWIFT_VERSION = 5.0;
				TEST_TARGET_NAME = mediainspector;
			};
			name = Debug;
		};
		552AB13D2D60BA0000A4C7B5 /* Release */ = {
			isa = XCBuildConfiguration;
			buildSettings = {
				CODE_SIGN_STYLE = Automatic;
				CURRENT_PROJECT_VERSION = 1;
				DEVELOPMENT_TEAM = 9JFT83BZMT;
				GENERATE_INFOPLIST_FILE = YES;
				MARKETING_VERSION = 1.0;
				PRODUCT_BUNDLE_IDENTIFIER = com.oscarnord.mediainspectorUITests;
				PRODUCT_NAME = "$(TARGET_NAME)";
				SWIFT_EMIT_LOC_STRINGS = NO;
				SWIFT_VERSION = 5.0;
				TEST_TARGET_NAME = mediainspector;
			};
			name = Release;
		};
/* End XCBuildConfiguration section */

/* Begin XCConfigurationList section */
		552AB10B2D60B9FD00A4C7B5 /* Build configuration list for PBXProject "MediaInspector" */ = {
			isa = XCConfigurationList;
			buildConfigurations = (
				552AB1332D60BA0000A4C7B5 /* Debug */,
				552AB1342D60BA0000A4C7B5 /* Release */,
			);
			defaultConfigurationIsVisible = 0;
			defaultConfigurationName = Release;
		};
		552AB1352D60BA0000A4C7B5 /* Build configuration list for PBXNativeTarget "MediaInspector" */ = {
			isa = XCConfigurationList;
			buildConfigurations = (
				552AB1362D60BA0000A4C7B5 /* Debug */,
				552AB1372D60BA0000A4C7B5 /* Release */,
			);
			defaultConfigurationIsVisible = 0;
			defaultConfigurationName = Release;
		};
		552AB1382D60BA0000A4C7B5 /* Build configuration list for PBXNativeTarget "MediaInspectorTests" */ = {
			isa = XCConfigurationList;
			buildConfigurations = (
				552AB1392D60BA0000A4C7B5 /* Debug */,
				552AB13A2D60BA0000A4C7B5 /* Release */,
			);
			defaultConfigurationIsVisible = 0;
			defaultConfigurationName = Release;
		};
		552AB13B2D60BA0000A4C7B5 /* Build configuration list for PBXNativeTarget "MediaInspectorUITests" */ = {
			isa = XCConfigurationList;
			buildConfigurations = (
				552AB13C2D60BA0000A4C7B5 /* Debug */,
				552AB13D2D60BA0000A4C7B5 /* Release */,
			);
			defaultConfigurationIsVisible = 0;
			defaultConfigurationName = Release;
		};
/* End XCConfigurationList section */
	};
	rootObject = 552AB1082D60B9FD00A4C7B5 /* Project object */;
}
